// !$*UTF8*$!
{
	archiveVersion = 1;
	classes = {
	};
	objectVersion = 50;
	objects = {

/* Begin PBXBuildFile section */
		506BB4C924C1FF120062D816 /* .gitignore in Resources */ = {isa = PBXBuildFile; fileRef = 506BB4C824C1FF120062D816 /* .gitignore */; };
		506BB4CD24C204660062D816 /* GoogleService-Info.plist in Resources */ = {isa = PBXBuildFile; fileRef = 506BB4CC24C204660062D816 /* GoogleService-Info.plist */; };
		50D8B4B724A75C3F00220F94 /* AppDelegate.swift in Sources */ = {isa = PBXBuildFile; fileRef = 50D8B4B624A75C3F00220F94 /* AppDelegate.swift */; };
		50D8B4B924A75C3F00220F94 /* SceneDelegate.swift in Sources */ = {isa = PBXBuildFile; fileRef = 50D8B4B824A75C3F00220F94 /* SceneDelegate.swift */; };
		50D8B4BB24A75C3F00220F94 /* ContentView.swift in Sources */ = {isa = PBXBuildFile; fileRef = 50D8B4BA24A75C3F00220F94 /* ContentView.swift */; };
		50D8B4BD24A75C4200220F94 /* Assets.xcassets in Resources */ = {isa = PBXBuildFile; fileRef = 50D8B4BC24A75C4200220F94 /* Assets.xcassets */; };
		50D8B4C024A75C4200220F94 /* Preview Assets.xcassets in Resources */ = {isa = PBXBuildFile; fileRef = 50D8B4BF24A75C4200220F94 /* Preview Assets.xcassets */; };
		50D8B4C324A75C4200220F94 /* LaunchScreen.storyboard in Resources */ = {isa = PBXBuildFile; fileRef = 50D8B4C124A75C4200220F94 /* LaunchScreen.storyboard */; };
		50D8B4CE24A75C4200220F94 /* ProjectXKGTests.swift in Sources */ = {isa = PBXBuildFile; fileRef = 50D8B4CD24A75C4200220F94 /* ProjectXKGTests.swift */; };
		50D8B4D924A75C4200220F94 /* ProjectXKGUITests.swift in Sources */ = {isa = PBXBuildFile; fileRef = 50D8B4D824A75C4200220F94 /* ProjectXKGUITests.swift */; };
/* End PBXBuildFile section */

/* Begin PBXContainerItemProxy section */
		50D8B4CA24A75C4200220F94 /* PBXContainerItemProxy */ = {
			isa = PBXContainerItemProxy;
			containerPortal = 50D8B4AB24A75C3F00220F94 /* Project object */;
			proxyType = 1;
			remoteGlobalIDString = 50D8B4B224A75C3F00220F94;
			remoteInfo = ProjectXKG;
		};
		50D8B4D524A75C4200220F94 /* PBXContainerItemProxy */ = {
			isa = PBXContainerItemProxy;
			containerPortal = 50D8B4AB24A75C3F00220F94 /* Project object */;
			proxyType = 1;
			remoteGlobalIDString = 50D8B4B224A75C3F00220F94;
			remoteInfo = ProjectXKG;
		};
/* End PBXContainerItemProxy section */

/* Begin PBXFileReference section */
		506BB4C824C1FF120062D816 /* .gitignore */ = {isa = PBXFileReference; lastKnownFileType = text; path = .gitignore; sourceTree = "<group>"; };
		506BB4CA24C1FF430062D816 /* README.md */ = {isa = PBXFileReference; lastKnownFileType = net.daringfireball.markdown; path = README.md; sourceTree = "<group>"; };
		506BB4CC24C204660062D816 /* GoogleService-Info.plist */ = {isa = PBXFileReference; fileEncoding = 4; lastKnownFileType = text.plist.xml; path = "GoogleService-Info.plist"; sourceTree = "<group>"; };
		50D8B4B324A75C3F00220F94 /* ProjectXKG.app */ = {isa = PBXFileReference; explicitFileType = wrapper.application; includeInIndex = 0; path = ProjectXKG.app; sourceTree = BUILT_PRODUCTS_DIR; };
		50D8B4B624A75C3F00220F94 /* AppDelegate.swift */ = {isa = PBXFileReference; lastKnownFileType = sourcecode.swift; path = AppDelegate.swift; sourceTree = "<group>"; };
		50D8B4B824A75C3F00220F94 /* SceneDelegate.swift */ = {isa = PBXFileReference; lastKnownFileType = sourcecode.swift; path = SceneDelegate.swift; sourceTree = "<group>"; };
		50D8B4BA24A75C3F00220F94 /* ContentView.swift */ = {isa = PBXFileReference; lastKnownFileType = sourcecode.swift; path = ContentView.swift; sourceTree = "<group>"; };
		50D8B4BC24A75C4200220F94 /* Assets.xcassets */ = {isa = PBXFileReference; lastKnownFileType = folder.assetcatalog; path = Assets.xcassets; sourceTree = "<group>"; };
		50D8B4BF24A75C4200220F94 /* Preview Assets.xcassets */ = {isa = PBXFileReference; lastKnownFileType = folder.assetcatalog; path = "Preview Assets.xcassets"; sourceTree = "<group>"; };
		50D8B4C224A75C4200220F94 /* Base */ = {isa = PBXFileReference; lastKnownFileType = file.storyboard; name = Base; path = Base.lproj/LaunchScreen.storyboard; sourceTree = "<group>"; };
		50D8B4C424A75C4200220F94 /* Info.plist */ = {isa = PBXFileReference; lastKnownFileType = text.plist.xml; path = Info.plist; sourceTree = "<group>"; };
		50D8B4C924A75C4200220F94 /* ProjectXKGTests.xctest */ = {isa = PBXFileReference; explicitFileType = wrapper.cfbundle; includeInIndex = 0; path = ProjectXKGTests.xctest; sourceTree = BUILT_PRODUCTS_DIR; };
		50D8B4CD24A75C4200220F94 /* ProjectXKGTests.swift */ = {isa = PBXFileReference; lastKnownFileType = sourcecode.swift; path = ProjectXKGTests.swift; sourceTree = "<group>"; };
		50D8B4CF24A75C4200220F94 /* Info.plist */ = {isa = PBXFileReference; lastKnownFileType = text.plist.xml; path = Info.plist; sourceTree = "<group>"; };
		50D8B4D424A75C4200220F94 /* ProjectXKGUITests.xctest */ = {isa = PBXFileReference; explicitFileType = wrapper.cfbundle; includeInIndex = 0; path = ProjectXKGUITests.xctest; sourceTree = BUILT_PRODUCTS_DIR; };
		50D8B4D824A75C4200220F94 /* ProjectXKGUITests.swift */ = {isa = PBXFileReference; lastKnownFileType = sourcecode.swift; path = ProjectXKGUITests.swift; sourceTree = "<group>"; };
		50D8B4DA24A75C4200220F94 /* Info.plist */ = {isa = PBXFileReference; lastKnownFileType = text.plist.xml; path = Info.plist; sourceTree = "<group>"; };
/* End PBXFileReference section */

/* Begin PBXFrameworksBuildPhase section */
		50D8B4B024A75C3F00220F94 /* Frameworks */ = {
			isa = PBXFrameworksBuildPhase;
			buildActionMask = 2147483647;
			files = (
			);
			runOnlyForDeploymentPostprocessing = 0;
		};
		50D8B4C624A75C4200220F94 /* Frameworks */ = {
			isa = PBXFrameworksBuildPhase;
			buildActionMask = 2147483647;
			files = (
			);
			runOnlyForDeploymentPostprocessing = 0;
		};
		50D8B4D124A75C4200220F94 /* Frameworks */ = {
			isa = PBXFrameworksBuildPhase;
			buildActionMask = 2147483647;
			files = (
			);
			runOnlyForDeploymentPostprocessing = 0;
		};
/* End PBXFrameworksBuildPhase section */

/* Begin PBXGroup section */
		506BB4CB24C2030E0062D816 /* View */ = {
			isa = PBXGroup;
			children = (
				50D8B4BA24A75C3F00220F94 /* ContentView.swift */,
			);
			path = View;
			sourceTree = "<group>";
		};
		50D8B4AA24A75C3F00220F94 = {
			isa = PBXGroup;
			children = (
				506BB4CA24C1FF430062D816 /* README.md */,
				506BB4C824C1FF120062D816 /* .gitignore */,
				50D8B4B524A75C3F00220F94 /* ProjectXKG */,
				50D8B4CC24A75C4200220F94 /* ProjectXKGTests */,
				50D8B4D724A75C4200220F94 /* ProjectXKGUITests */,
				50D8B4B424A75C3F00220F94 /* Products */,
			);
			sourceTree = "<group>";
		};
		50D8B4B424A75C3F00220F94 /* Products */ = {
			isa = PBXGroup;
			children = (
				50D8B4B324A75C3F00220F94 /* ProjectXKG.app */,
				50D8B4C924A75C4200220F94 /* ProjectXKGTests.xctest */,
				50D8B4D424A75C4200220F94 /* ProjectXKGUITests.xctest */,
			);
			name = Products;
			sourceTree = "<group>";
		};
		50D8B4B524A75C3F00220F94 /* ProjectXKG */ = {
			isa = PBXGroup;
			children = (
				506BB4CC24C204660062D816 /* GoogleService-Info.plist */,
				50D8B4B624A75C3F00220F94 /* AppDelegate.swift */,
				50D8B4B824A75C3F00220F94 /* SceneDelegate.swift */,
				506BB4CB24C2030E0062D816 /* View */,
				50D8B4BC24A75C4200220F94 /* Assets.xcassets */,
				50D8B4C124A75C4200220F94 /* LaunchScreen.storyboard */,
				50D8B4C424A75C4200220F94 /* Info.plist */,
				50D8B4BE24A75C4200220F94 /* Preview Content */,
			);
			path = ProjectXKG;
			sourceTree = "<group>";
		};
		50D8B4BE24A75C4200220F94 /* Preview Content */ = {
			isa = PBXGroup;
			children = (
				50D8B4BF24A75C4200220F94 /* Preview Assets.xcassets */,
			);
			path = "Preview Content";
			sourceTree = "<group>";
		};
		50D8B4CC24A75C4200220F94 /* ProjectXKGTests */ = {
			isa = PBXGroup;
			children = (
				50D8B4CD24A75C4200220F94 /* ProjectXKGTests.swift */,
				50D8B4CF24A75C4200220F94 /* Info.plist */,
			);
			path = ProjectXKGTests;
			sourceTree = "<group>";
		};
		50D8B4D724A75C4200220F94 /* ProjectXKGUITests */ = {
			isa = PBXGroup;
			children = (
				50D8B4D824A75C4200220F94 /* ProjectXKGUITests.swift */,
				50D8B4DA24A75C4200220F94 /* Info.plist */,
			);
			path = ProjectXKGUITests;
			sourceTree = "<group>";
		};
/* End PBXGroup section */

/* Begin PBXNativeTarget section */
		50D8B4B224A75C3F00220F94 /* ProjectXKG */ = {
			isa = PBXNativeTarget;
			buildConfigurationList = 50D8B4DD24A75C4200220F94 /* Build configuration list for PBXNativeTarget "ProjectXKG" */;
			buildPhases = (
				50D8B4AF24A75C3F00220F94 /* Sources */,
				50D8B4B024A75C3F00220F94 /* Frameworks */,
				50D8B4B124A75C3F00220F94 /* Resources */,
			);
			buildRules = (
			);
			dependencies = (
			);
			name = ProjectXKG;
			productName = ProjectXKG;
			productReference = 50D8B4B324A75C3F00220F94 /* ProjectXKG.app */;
			productType = "com.apple.product-type.application";
		};
		50D8B4C824A75C4200220F94 /* ProjectXKGTests */ = {
			isa = PBXNativeTarget;
			buildConfigurationList = 50D8B4E024A75C4200220F94 /* Build configuration list for PBXNativeTarget "ProjectXKGTests" */;
			buildPhases = (
				50D8B4C524A75C4200220F94 /* Sources */,
				50D8B4C624A75C4200220F94 /* Frameworks */,
				50D8B4C724A75C4200220F94 /* Resources */,
			);
			buildRules = (
			);
			dependencies = (
				50D8B4CB24A75C4200220F94 /* PBXTargetDependency */,
			);
			name = ProjectXKGTests;
			productName = ProjectXKGTests;
			productReference = 50D8B4C924A75C4200220F94 /* ProjectXKGTests.xctest */;
			productType = "com.apple.product-type.bundle.unit-test";
		};
		50D8B4D324A75C4200220F94 /* ProjectXKGUITests */ = {
			isa = PBXNativeTarget;
			buildConfigurationList = 50D8B4E324A75C4200220F94 /* Build configuration list for PBXNativeTarget "ProjectXKGUITests" */;
			buildPhases = (
				50D8B4D024A75C4200220F94 /* Sources */,
				50D8B4D124A75C4200220F94 /* Frameworks */,
				50D8B4D224A75C4200220F94 /* Resources */,
			);
			buildRules = (
			);
			dependencies = (
				50D8B4D624A75C4200220F94 /* PBXTargetDependency */,
			);
			name = ProjectXKGUITests;
			productName = ProjectXKGUITests;
			productReference = 50D8B4D424A75C4200220F94 /* ProjectXKGUITests.xctest */;
			productType = "com.apple.product-type.bundle.ui-testing";
		};
/* End PBXNativeTarget section */

/* Begin PBXProject section */
		50D8B4AB24A75C3F00220F94 /* Project object */ = {
			isa = PBXProject;
			attributes = {
				LastSwiftUpdateCheck = 1150;
				LastUpgradeCheck = 1150;
				ORGANIZATIONNAME = "Grzegorz Gumieniak";
				TargetAttributes = {
					50D8B4B224A75C3F00220F94 = {
						CreatedOnToolsVersion = 11.5;
					};
					50D8B4C824A75C4200220F94 = {
						CreatedOnToolsVersion = 11.5;
						TestTargetID = 50D8B4B224A75C3F00220F94;
					};
					50D8B4D324A75C4200220F94 = {
						CreatedOnToolsVersion = 11.5;
						TestTargetID = 50D8B4B224A75C3F00220F94;
					};
				};
			};
			buildConfigurationList = 50D8B4AE24A75C3F00220F94 /* Build configuration list for PBXProject "ProjectXKG" */;
			compatibilityVersion = "Xcode 9.3";
			developmentRegion = en;
			hasScannedForEncodings = 0;
			knownRegions = (
				en,
				Base,
			);
			mainGroup = 50D8B4AA24A75C3F00220F94;
			productRefGroup = 50D8B4B424A75C3F00220F94 /* Products */;
			projectDirPath = "";
			projectRoot = "";
			targets = (
				50D8B4B224A75C3F00220F94 /* ProjectXKG */,
				50D8B4C824A75C4200220F94 /* ProjectXKGTests */,
				50D8B4D324A75C4200220F94 /* ProjectXKGUITests */,
			);
		};
/* End PBXProject section */

/* Begin PBXResourcesBuildPhase section */
		50D8B4B124A75C3F00220F94 /* Resources */ = {
			isa = PBXResourcesBuildPhase;
			buildActionMask = 2147483647;
			files = (
				506BB4C924C1FF120062D816 /* .gitignore in Resources */,
				50D8B4C324A75C4200220F94 /* LaunchScreen.storyboard in Resources */,
				506BB4CD24C204660062D816 /* GoogleService-Info.plist in Resources */,
				50D8B4C024A75C4200220F94 /* Preview Assets.xcassets in Resources */,
				50D8B4BD24A75C4200220F94 /* Assets.xcassets in Resources */,
			);
			runOnlyForDeploymentPostprocessing = 0;
		};
		50D8B4C724A75C4200220F94 /* Resources */ = {
			isa = PBXResourcesBuildPhase;
			buildActionMask = 2147483647;
			files = (
			);
			runOnlyForDeploymentPostprocessing = 0;
		};
		50D8B4D224A75C4200220F94 /* Resources */ = {
			isa = PBXResourcesBuildPhase;
			buildActionMask = 2147483647;
			files = (
			);
			runOnlyForDeploymentPostprocessing = 0;
		};
/* End PBXResourcesBuildPhase section */

/* Begin PBXSourcesBuildPhase section */
		50D8B4AF24A75C3F00220F94 /* Sources */ = {
			isa = PBXSourcesBuildPhase;
			buildActionMask = 2147483647;
			files = (
				50D8B4B724A75C3F00220F94 /* AppDelegate.swift in Sources */,
				50D8B4B924A75C3F00220F94 /* SceneDelegate.swift in Sources */,
				50D8B4BB24A75C3F00220F94 /* ContentView.swift in Sources */,
			);
			runOnlyForDeploymentPostprocessing = 0;
		};
		50D8B4C524A75C4200220F94 /* Sources */ = {
			isa = PBXSourcesBuildPhase;
			buildActionMask = 2147483647;
			files = (
				50D8B4CE24A75C4200220F94 /* ProjectXKGTests.swift in Sources */,
			);
			runOnlyForDeploymentPostprocessing = 0;
		};
		50D8B4D024A75C4200220F94 /* Sources */ = {
			isa = PBXSourcesBuildPhase;
			buildActionMask = 2147483647;
			files = (
				50D8B4D924A75C4200220F94 /* ProjectXKGUITests.swift in Sources */,
			);
			runOnlyForDeploymentPostprocessing = 0;
		};
/* End PBXSourcesBuildPhase section */

/* Begin PBXTargetDependency section */
		50D8B4CB24A75C4200220F94 /* PBXTargetDependency */ = {
			isa = PBXTargetDependency;
			target = 50D8B4B224A75C3F00220F94 /* ProjectXKG */;
			targetProxy = 50D8B4CA24A75C4200220F94 /* PBXContainerItemProxy */;
		};
		50D8B4D624A75C4200220F94 /* PBXTargetDependency */ = {
			isa = PBXTargetDependency;
			target = 50D8B4B224A75C3F00220F94 /* ProjectXKG */;
			targetProxy = 50D8B4D524A75C4200220F94 /* PBXContainerItemProxy */;
		};
/* End PBXTargetDependency section */

/* Begin PBXVariantGroup section */
		50D8B4C124A75C4200220F94 /* LaunchScreen.storyboard */ = {
			isa = PBXVariantGroup;
			children = (
				50D8B4C224A75C4200220F94 /* Base */,
			);
			name = LaunchScreen.storyboard;
			sourceTree = "<group>";
		};
/* End PBXVariantGroup section */

/* Begin XCBuildConfiguration section */
		50D8B4DB24A75C4200220F94 /* Debug */ = {
			isa = XCBuildConfiguration;
			buildSettings = {
				ALWAYS_SEARCH_USER_PATHS = NO;
				CLANG_ANALYZER_NONNULL = YES;
				CLANG_ANALYZER_NUMBER_OBJECT_CONVERSION = YES_AGGRESSIVE;
				CLANG_CXX_LANGUAGE_STANDARD = "gnu++14";
				CLANG_CXX_LIBRARY = "libc++";
				CLANG_ENABLE_MODULES = YES;
				CLANG_ENABLE_OBJC_ARC = YES;
				CLANG_ENABLE_OBJC_WEAK = YES;
				CLANG_WARN_BLOCK_CAPTURE_AUTORELEASING = YES;
				CLANG_WARN_BOOL_CONVERSION = YES;
				CLANG_WARN_COMMA = YES;
				CLANG_WARN_CONSTANT_CONVERSION = YES;
				CLANG_WARN_DEPRECATED_OBJC_IMPLEMENTATIONS = YES;
				CLANG_WARN_DIRECT_OBJC_ISA_USAGE = YES_ERROR;
				CLANG_WARN_DOCUMENTATION_COMMENTS = YES;
				CLANG_WARN_EMPTY_BODY = YES;
				CLANG_WARN_ENUM_CONVERSION = YES;
				CLANG_WARN_INFINITE_RECURSION = YES;
				CLANG_WARN_INT_CONVERSION = YES;
				CLANG_WARN_NON_LITERAL_NULL_CONVERSION = YES;
				CLANG_WARN_OBJC_IMPLICIT_RETAIN_SELF = YES;
				CLANG_WARN_OBJC_LITERAL_CONVERSION = YES;
				CLANG_WARN_OBJC_ROOT_CLASS = YES_ERROR;
				CLANG_WARN_RANGE_LOOP_ANALYSIS = YES;
				CLANG_WARN_STRICT_PROTOTYPES = YES;
				CLANG_WARN_SUSPICIOUS_MOVE = YES;
				CLANG_WARN_UNGUARDED_AVAILABILITY = YES_AGGRESSIVE;
				CLANG_WARN_UNREACHABLE_CODE = YES;
				CLANG_WARN__DUPLICATE_METHOD_MATCH = YES;
				COPY_PHASE_STRIP = NO;
				DEBUG_INFORMATION_FORMAT = dwarf;
				ENABLE_STRICT_OBJC_MSGSEND = YES;
				ENABLE_TESTABILITY = YES;
				GCC_C_LANGUAGE_STANDARD = gnu11;
				GCC_DYNAMIC_NO_PIC = NO;
				GCC_NO_COMMON_BLOCKS = YES;
				GCC_OPTIMIZATION_LEVEL = 0;
				GCC_PREPROCESSOR_DEFINITIONS = (
					"DEBUG=1",
					"$(inherited)",
				);
				GCC_WARN_64_TO_32_BIT_CONVERSION = YES;
				GCC_WARN_ABOUT_RETURN_TYPE = YES_ERROR;
				GCC_WARN_UNDECLARED_SELECTOR = YES;
				GCC_WARN_UNINITIALIZED_AUTOS = YES_AGGRESSIVE;
				GCC_WARN_UNUSED_FUNCTION = YES;
				GCC_WARN_UNUSED_VARIABLE = YES;
				IPHONEOS_DEPLOYMENT_TARGET = 13.5;
				MTL_ENABLE_DEBUG_INFO = INCLUDE_SOURCE;
				MTL_FAST_MATH = YES;
				ONLY_ACTIVE_ARCH = YES;
				SDKROOT = iphoneos;
				SWIFT_ACTIVE_COMPILATION_CONDITIONS = DEBUG;
				SWIFT_OPTIMIZATION_LEVEL = "-Onone";
			};
			name = Debug;
		};
		50D8B4DC24A75C4200220F94 /* Release */ = {
			isa = XCBuildConfiguration;
			buildSettings = {
				ALWAYS_SEARCH_USER_PATHS = NO;
				CLANG_ANALYZER_NONNULL = YES;
				CLANG_ANALYZER_NUMBER_OBJECT_CONVERSION = YES_AGGRESSIVE;
				CLANG_CXX_LANGUAGE_STANDARD = "gnu++14";
				CLANG_CXX_LIBRARY = "libc++";
				CLANG_ENABLE_MODULES = YES;
				CLANG_ENABLE_OBJC_ARC = YES;
				CLANG_ENABLE_OBJC_WEAK = YES;
				CLANG_WARN_BLOCK_CAPTURE_AUTORELEASING = YES;
				CLANG_WARN_BOOL_CONVERSION = YES;
				CLANG_WARN_COMMA = YES;
				CLANG_WARN_CONSTANT_CONVERSION = YES;
				CLANG_WARN_DEPRECATED_OBJC_IMPLEMENTATIONS = YES;
				CLANG_WARN_DIRECT_OBJC_ISA_USAGE = YES_ERROR;
				CLANG_WARN_DOCUMENTATION_COMMENTS = YES;
				CLANG_WARN_EMPTY_BODY = YES;
				CLANG_WARN_ENUM_CONVERSION = YES;
				CLANG_WARN_INFINITE_RECURSION = YES;
				CLANG_WARN_INT_CONVERSION = YES;
				CLANG_WARN_NON_LITERAL_NULL_CONVERSION = YES;
				CLANG_WARN_OBJC_IMPLICIT_RETAIN_SELF = YES;
				CLANG_WARN_OBJC_LITERAL_CONVERSION = YES;
				CLANG_WARN_OBJC_ROOT_CLASS = YES_ERROR;
				CLANG_WARN_RANGE_LOOP_ANALYSIS = YES;
				CLANG_WARN_STRICT_PROTOTYPES = YES;
				CLANG_WARN_SUSPICIOUS_MOVE = YES;
				CLANG_WARN_UNGUARDED_AVAILABILITY = YES_AGGRESSIVE;
				CLANG_WARN_UNREACHABLE_CODE = YES;
				CLANG_WARN__DUPLICATE_METHOD_MATCH = YES;
				COPY_PHASE_STRIP = NO;
				DEBUG_INFORMATION_FORMAT = "dwarf-with-dsym";
				ENABLE_NS_ASSERTIONS = NO;
				ENABLE_STRICT_OBJC_MSGSEND = YES;
				GCC_C_LANGUAGE_STANDARD = gnu11;
				GCC_NO_COMMON_BLOCKS = YES;
				GCC_WARN_64_TO_32_BIT_CONVERSION = YES;
				GCC_WARN_ABOUT_RETURN_TYPE = YES_ERROR;
				GCC_WARN_UNDECLARED_SELECTOR = YES;
				GCC_WARN_UNINITIALIZED_AUTOS = YES_AGGRESSIVE;
				GCC_WARN_UNUSED_FUNCTION = YES;
				GCC_WARN_UNUSED_VARIABLE = YES;
				IPHONEOS_DEPLOYMENT_TARGET = 13.5;
				MTL_ENABLE_DEBUG_INFO = NO;
				MTL_FAST_MATH = YES;
				SDKROOT = iphoneos;
				SWIFT_COMPILATION_MODE = wholemodule;
				SWIFT_OPTIMIZATION_LEVEL = "-O";
				VALIDATE_PRODUCT = YES;
			};
			name = Release;
		};
		50D8B4DE24A75C4200220F94 /* Debug */ = {
			isa = XCBuildConfiguration;
			buildSettings = {
				ASSETCATALOG_COMPILER_APPICON_NAME = AppIcon;
				CODE_SIGN_STYLE = Automatic;
				DEVELOPMENT_ASSET_PATHS = "\"ProjectXKG/Preview Content\"";
				DEVELOPMENT_TEAM = 95WZQ373WM;
				ENABLE_PREVIEWS = YES;
				INFOPLIST_FILE = ProjectXKG/Info.plist;
				LD_RUNPATH_SEARCH_PATHS = (
					"$(inherited)",
					"@executable_path/Frameworks",
				);
				PRODUCT_BUNDLE_IDENTIFIER = com.gumieniakgrzegorz.ProjectXKG;
				PRODUCT_NAME = "$(TARGET_NAME)";
				SWIFT_VERSION = 5.0;
				TARGETED_DEVICE_FAMILY = "1,2";
			};
			name = Debug;
		};
		50D8B4DF24A75C4200220F94 /* Release */ = {
			isa = XCBuildConfiguration;
			buildSettings = {
				ASSETCATALOG_COMPILER_APPICON_NAME = AppIcon;
				CODE_SIGN_STYLE = Automatic;
				DEVELOPMENT_ASSET_PATHS = "\"ProjectXKG/Preview Content\"";
				DEVELOPMENT_TEAM = 95WZQ373WM;
				ENABLE_PREVIEWS = YES;
				INFOPLIST_FILE = ProjectXKG/Info.plist;
				LD_RUNPATH_SEARCH_PATHS = (
					"$(inherited)",
					"@executable_path/Frameworks",
				);
				PRODUCT_BUNDLE_IDENTIFIER = com.gumieniakgrzegorz.ProjectXKG;
				PRODUCT_NAME = "$(TARGET_NAME)";
				SWIFT_VERSION = 5.0;
				TARGETED_DEVICE_FAMILY = "1,2";
			};
			name = Release;
		};
		50D8B4E124A75C4200220F94 /* Debug */ = {
			isa = XCBuildConfiguration;
			buildSettings = {
				ALWAYS_EMBED_SWIFT_STANDARD_LIBRARIES = YES;
				BUNDLE_LOADER = "$(TEST_HOST)";
				CODE_SIGN_STYLE = Automatic;
				INFOPLIST_FILE = ProjectXKGTests/Info.plist;
				IPHONEOS_DEPLOYMENT_TARGET = 13.5;
				LD_RUNPATH_SEARCH_PATHS = (
					"$(inherited)",
					"@executable_path/Frameworks",
					"@loader_path/Frameworks",
				);
				PRODUCT_BUNDLE_IDENTIFIER = com.gumieniakgrzegorz.ProjectXKGTests;
				PRODUCT_NAME = "$(TARGET_NAME)";
				SWIFT_VERSION = 5.0;
				TARGETED_DEVICE_FAMILY = "1,2";
				TEST_HOST = "$(BUILT_PRODUCTS_DIR)/ProjectXKG.app/ProjectXKG";
			};
			name = Debug;
		};
		50D8B4E224A75C4200220F94 /* Release */ = {
			isa = XCBuildConfiguration;
			buildSettings = {
				ALWAYS_EMBED_SWIFT_STANDARD_LIBRARIES = YES;
				BUNDLE_LOADER = "$(TEST_HOST)";
				CODE_SIGN_STYLE = Automatic;
				INFOPLIST_FILE = ProjectXKGTests/Info.plist;
				IPHONEOS_DEPLOYMENT_TARGET = 13.5;
				LD_RUNPATH_SEARCH_PATHS = (
					"$(inherited)",
					"@executable_path/Frameworks",
					"@loader_path/Frameworks",
				);
				PRODUCT_BUNDLE_IDENTIFIER = com.gumieniakgrzegorz.ProjectXKGTests;
				PRODUCT_NAME = "$(TARGET_NAME)";
				SWIFT_VERSION = 5.0;
				TARGETED_DEVICE_FAMILY = "1,2";
				TEST_HOST = "$(BUILT_PRODUCTS_DIR)/ProjectXKG.app/ProjectXKG";
			};
			name = Release;
		};
		50D8B4E424A75C4200220F94 /* Debug */ = {
			isa = XCBuildConfiguration;
			buildSettings = {
				ALWAYS_EMBED_SWIFT_STANDARD_LIBRARIES = YES;
				CODE_SIGN_STYLE = Automatic;
				INFOPLIST_FILE = ProjectXKGUITests/Info.plist;
				LD_RUNPATH_SEARCH_PATHS = (
					"$(inherited)",
					"@executable_path/Frameworks",
					"@loader_path/Frameworks",
				);
				PRODUCT_BUNDLE_IDENTIFIER = com.gumieniakgrzegorz.ProjectXKGUITests;
				PRODUCT_NAME = "$(TARGET_NAME)";
				SWIFT_VERSION = 5.0;
				TARGETED_DEVICE_FAMILY = "1,2";
				TEST_TARGET_NAME = ProjectXKG;
			};
			name = Debug;
		};
		50D8B4E524A75C4200220F94 /* Release */ = {
			isa = XCBuildConfiguration;
			buildSettings = {
				ALWAYS_EMBED_SWIFT_STANDARD_LIBRARIES = YES;
				CODE_SIGN_STYLE = Automatic;
				INFOPLIST_FILE = ProjectXKGUITests/Info.plist;
				LD_RUNPATH_SEARCH_PATHS = (
					"$(inherited)",
					"@executable_path/Frameworks",
					"@loader_path/Frameworks",
				);
				PRODUCT_BUNDLE_IDENTIFIER = com.gumieniakgrzegorz.ProjectXKGUITests;
				PRODUCT_NAME = "$(TARGET_NAME)";
				SWIFT_VERSION = 5.0;
				TARGETED_DEVICE_FAMILY = "1,2";
				TEST_TARGET_NAME = ProjectXKG;
			};
			name = Release;
		};
/* End XCBuildConfiguration section */

/* Begin XCConfigurationList section */
		50D8B4AE24A75C3F00220F94 /* Build configuration list for PBXProject "ProjectXKG" */ = {
			isa = XCConfigurationList;
			buildConfigurations = (
				50D8B4DB24A75C4200220F94 /* Debug */,
				50D8B4DC24A75C4200220F94 /* Release */,
			);
			defaultConfigurationIsVisible = 0;
			defaultConfigurationName = Release;
		};
		50D8B4DD24A75C4200220F94 /* Build configuration list for PBXNativeTarget "ProjectXKG" */ = {
			isa = XCConfigurationList;
			buildConfigurations = (
				50D8B4DE24A75C4200220F94 /* Debug */,
				50D8B4DF24A75C4200220F94 /* Release */,
			);
			defaultConfigurationIsVisible = 0;
			defaultConfigurationName = Release;
		};
		50D8B4E024A75C4200220F94 /* Build configuration list for PBXNativeTarget "ProjectXKGTests" */ = {
			isa = XCConfigurationList;
			buildConfigurations = (
				50D8B4E124A75C4200220F94 /* Debug */,
				50D8B4E224A75C4200220F94 /* Release */,
			);
			defaultConfigurationIsVisible = 0;
			defaultConfigurationName = Release;
		};
		50D8B4E324A75C4200220F94 /* Build configuration list for PBXNativeTarget "ProjectXKGUITests" */ = {
			isa = XCConfigurationList;
			buildConfigurations = (
				50D8B4E424A75C4200220F94 /* Debug */,
				50D8B4E524A75C4200220F94 /* Release */,
			);
			defaultConfigurationIsVisible = 0;
			defaultConfigurationName = Release;
		};
/* End XCConfigurationList section */
	};
	rootObject = 50D8B4AB24A75C3F00220F94 /* Project object */;
}
